// !$*UTF8*$!
{
	archiveVersion = 1;
	classes = {
	};
	objectVersion = 53;
	objects = {

/* Begin PBXBuildFile section */
		3A8E27332874328700F0F196 /* AppDelegate.m in Sources */ = {isa = PBXBuildFile; fileRef = 3A8E27322874328700F0F196 /* AppDelegate.m */; };
		3A8E27392874328700F0F196 /* ViewController.m in Sources */ = {isa = PBXBuildFile; fileRef = 3A8E27382874328700F0F196 /* ViewController.m */; };
		3A8E273C2874328700F0F196 /* Main.storyboard in Resources */ = {isa = PBXBuildFile; fileRef = 3A8E273A2874328700F0F196 /* Main.storyboard */; };
		3A8E273E2874328800F0F196 /* Assets.xcassets in Resources */ = {isa = PBXBuildFile; fileRef = 3A8E273D2874328800F0F196 /* Assets.xcassets */; };
		3A8E27412874328800F0F196 /* LaunchScreen.storyboard in Resources */ = {isa = PBXBuildFile; fileRef = 3A8E273F2874328800F0F196 /* LaunchScreen.storyboard */; };
		3A8E27442874328800F0F196 /* main.m in Sources */ = {isa = PBXBuildFile; fileRef = 3A8E27432874328800F0F196 /* main.m */; };
		3A8E274C2874CB3B00F0F196 /* AllFunction.m in Sources */ = {isa = PBXBuildFile; fileRef = 3A8E274B2874CB3B00F0F196 /* AllFunction.m */; };
		3A8E274F28757FEF00F0F196 /* PersonModle.m in Sources */ = {isa = PBXBuildFile; fileRef = 3A8E274E28757FEF00F0F196 /* PersonModle.m */; };
/* End PBXBuildFile section */

/* Begin PBXFileReference section */
		3A8E272E2874328700F0F196 /* TargetForHookDemo.app */ = {isa = PBXFileReference; explicitFileType = wrapper.application; includeInIndex = 0; path = TargetForHookDemo.app; sourceTree = BUILT_PRODUCTS_DIR; };
		3A8E27312874328700F0F196 /* AppDelegate.h */ = {isa = PBXFileReference; lastKnownFileType = sourcecode.c.h; path = AppDelegate.h; sourceTree = "<group>"; };
		3A8E27322874328700F0F196 /* AppDelegate.m */ = {isa = PBXFileReference; lastKnownFileType = sourcecode.c.objc; path = AppDelegate.m; sourceTree = "<group>"; };
		3A8E27372874328700F0F196 /* ViewController.h */ = {isa = PBXFileReference; lastKnownFileType = sourcecode.c.h; path = ViewController.h; sourceTree = "<group>"; };
		3A8E27382874328700F0F196 /* ViewController.m */ = {isa = PBXFileReference; lastKnownFileType = sourcecode.c.objc; path = ViewController.m; sourceTree = "<group>"; };
		3A8E273B2874328700F0F196 /* Base */ = {isa = PBXFileReference; lastKnownFileType = file.storyboard; name = Base; path = Base.lproj/Main.storyboard; sourceTree = "<group>"; };
		3A8E273D2874328800F0F196 /* Assets.xcassets */ = {isa = PBXFileReference; lastKnownFileType = folder.assetcatalog; path = Assets.xcassets; sourceTree = "<group>"; };
		3A8E27402874328800F0F196 /* Base */ = {isa = PBXFileReference; lastKnownFileType = file.storyboard; name = Base; path = Base.lproj/LaunchScreen.storyboard; sourceTree = "<group>"; };
		3A8E27422874328800F0F196 /* Info.plist */ = {isa = PBXFileReference; lastKnownFileType = text.plist.xml; path = Info.plist; sourceTree = "<group>"; };
		3A8E27432874328800F0F196 /* main.m */ = {isa = PBXFileReference; lastKnownFileType = sourcecode.c.objc; path = main.m; sourceTree = "<group>"; };
		3A8E274A2874CB3B00F0F196 /* AllFunction.h */ = {isa = PBXFileReference; lastKnownFileType = sourcecode.c.h; path = AllFunction.h; sourceTree = "<group>"; };
		3A8E274B2874CB3B00F0F196 /* AllFunction.m */ = {isa = PBXFileReference; lastKnownFileType = sourcecode.c.objc; path = AllFunction.m; sourceTree = "<group>"; };
		3A8E274D28757FEF00F0F196 /* PersonModle.h */ = {isa = PBXFileReference; lastKnownFileType = sourcecode.c.h; path = PersonModle.h; sourceTree = "<group>"; };
		3A8E274E28757FEF00F0F196 /* PersonModle.m */ = {isa = PBXFileReference; lastKnownFileType = sourcecode.c.objc; path = PersonModle.m; sourceTree = "<group>"; };
/* End PBXFileReference section */

/* Begin PBXFrameworksBuildPhase section */
		3A8E272B2874328700F0F196 /* Frameworks */ = {
			isa = PBXFrameworksBuildPhase;
			buildActionMask = 2147483647;
			files = (
			);
			runOnlyForDeploymentPostprocessing = 0;
		};
/* End PBXFrameworksBuildPhase section */

/* Begin PBXGroup section */
		3A8E27252874328700F0F196 = {
			isa = PBXGroup;
			children = (
				3A8E27302874328700F0F196 /* TargetForHookDemo */,
				3A8E272F2874328700F0F196 /* Products */,
			);
			sourceTree = "<group>";
		};
		3A8E272F2874328700F0F196 /* Products */ = {
			isa = PBXGroup;
			children = (
				3A8E272E2874328700F0F196 /* TargetForHookDemo.app */,
			);
			name = Products;
			sourceTree = "<group>";
		};
		3A8E27302874328700F0F196 /* TargetForHookDemo */ = {
			isa = PBXGroup;
			children = (
				3A8E27312874328700F0F196 /* AppDelegate.h */,
				3A8E27322874328700F0F196 /* AppDelegate.m */,
				3A8E274D28757FEF00F0F196 /* PersonModle.h */,
				3A8E274E28757FEF00F0F196 /* PersonModle.m */,
				3A8E274A2874CB3B00F0F196 /* AllFunction.h */,
				3A8E274B2874CB3B00F0F196 /* AllFunction.m */,
				3A8E27372874328700F0F196 /* ViewController.h */,
				3A8E27382874328700F0F196 /* ViewController.m */,
				3A8E273A2874328700F0F196 /* Main.storyboard */,
				3A8E273D2874328800F0F196 /* Assets.xcassets */,
				3A8E273F2874328800F0F196 /* LaunchScreen.storyboard */,
				3A8E27422874328800F0F196 /* Info.plist */,
				3A8E27432874328800F0F196 /* main.m */,
			);
			path = TargetForHookDemo;
			sourceTree = "<group>";
		};
/* End PBXGroup section */

/* Begin PBXNativeTarget section */
		3A8E272D2874328700F0F196 /* TargetForHookDemo */ = {
			isa = PBXNativeTarget;
			buildConfigurationList = 3A8E27472874328800F0F196 /* Build configuration list for PBXNativeTarget "TargetForHookDemo" */;
			buildPhases = (
				3A8E272A2874328700F0F196 /* Sources */,
				3A8E272B2874328700F0F196 /* Frameworks */,
				3A8E272C2874328700F0F196 /* Resources */,
			);
			buildRules = (
			);
			dependencies = (
			);
			name = TargetForHookDemo;
			productName = TargetForHookDemo;
			productReference = 3A8E272E2874328700F0F196 /* TargetForHookDemo.app */;
			productType = "com.apple.product-type.application";
		};
/* End PBXNativeTarget section */

/* Begin PBXProject section */
		3A8E27262874328700F0F196 /* Project object */ = {
			isa = PBXProject;
			attributes = {
				BuildIndependentTargetsInParallel = 1;
				LastUpgradeCheck = 1340;
				TargetAttributes = {
					3A8E272D2874328700F0F196 = {
						CreatedOnToolsVersion = 13.4.1;
					};
				};
			};
			buildConfigurationList = 3A8E27292874328700F0F196 /* Build configuration list for PBXProject "TargetForHookDemo" */;
			compatibilityVersion = "Xcode 8.0";
			developmentRegion = en;
			hasScannedForEncodings = 0;
			knownRegions = (
				en,
				Base,
			);
			mainGroup = 3A8E27252874328700F0F196;
			productRefGroup = 3A8E272F2874328700F0F196 /* Products */;
			projectDirPath = "";
			projectRoot = "";
			targets = (
				3A8E272D2874328700F0F196 /* TargetForHookDemo */,
			);
		};
/* End PBXProject section */

/* Begin PBXResourcesBuildPhase section */
		3A8E272C2874328700F0F196 /* Resources */ = {
			isa = PBXResourcesBuildPhase;
			buildActionMask = 2147483647;
			files = (
				3A8E27412874328800F0F196 /* LaunchScreen.storyboard in Resources */,
				3A8E273E2874328800F0F196 /* Assets.xcassets in Resources */,
				3A8E273C2874328700F0F196 /* Main.storyboard in Resources */,
			);
			runOnlyForDeploymentPostprocessing = 0;
		};
/* End PBXResourcesBuildPhase section */

/* Begin PBXSourcesBuildPhase section */
		3A8E272A2874328700F0F196 /* Sources */ = {
			isa = PBXSourcesBuildPhase;
			buildActionMask = 2147483647;
			files = (
				3A8E27392874328700F0F196 /* ViewController.m in Sources */,
				3A8E27332874328700F0F196 /* AppDelegate.m in Sources */,
				3A8E27442874328800F0F196 /* main.m in Sources */,
				3A8E274C2874CB3B00F0F196 /* AllFunction.m in Sources */,
				3A8E274F28757FEF00F0F196 /* PersonModle.m in Sources */,
			);
			runOnlyForDeploymentPostprocessing = 0;
		};
/* End PBXSourcesBuildPhase section */

/* Begin PBXVariantGroup section */
		3A8E273A2874328700F0F196 /* Main.storyboard */ = {
			isa = PBXVariantGroup;
			children = (
				3A8E273B2874328700F0F196 /* Base */,
			);
			name = Main.storyboard;
			sourceTree = "<group>";
		};
		3A8E273F2874328800F0F196 /* LaunchScreen.storyboard */ = {
			isa = PBXVariantGroup;
			children = (
				3A8E27402874328800F0F196 /* Base */,
			);
			name = LaunchScreen.storyboard;
			sourceTree = "<group>";
		};
/* End PBXVariantGroup section */

/* Begin XCBuildConfiguration section */
		3A8E27452874328800F0F196 /* Debug */ = {
			isa = XCBuildConfiguration;
			buildSettings = {
				ALWAYS_SEARCH_USER_PATHS = NO;
				CLANG_ANALYZER_NONNULL = YES;
				CLANG_ANALYZER_NUMBER_OBJECT_CONVERSION = YES_AGGRESSIVE;
				CLANG_CXX_LANGUAGE_STANDARD = "gnu++17";
				CLANG_ENABLE_MODULES = YES;
				CLANG_ENABLE_OBJC_ARC = YES;
				CLANG_ENABLE_OBJC_WEAK = YES;
				CLANG_WARN_BLOCK_CAPTURE_AUTORELEASING = YES;
				CLANG_WARN_BOOL_CONVERSION = YES;
				CLANG_WARN_COMMA = YES;
				CLANG_WARN_CONSTANT_CONVERSION = YES;
				CLANG_WARN_DEPRECATED_OBJC_IMPLEMENTATIONS = YES;
				CLANG_WARN_DIRECT_OBJC_ISA_USAGE = YES_ERROR;
				CLANG_WARN_DOCUMENTATION_COMMENTS = YES;
				CLANG_WARN_EMPTY_BODY = YES;
				CLANG_WARN_ENUM_CONVERSION = YES;
				CLANG_WARN_INFINITE_RECURSION = YES;
				CLANG_WARN_INT_CONVERSION = YES;
				CLANG_WARN_NON_LITERAL_NULL_CONVERSION = YES;
				CLANG_WARN_OBJC_IMPLICIT_RETAIN_SELF = YES;
				CLANG_WARN_OBJC_LITERAL_CONVERSION = YES;
				CLANG_WARN_OBJC_ROOT_CLASS = YES_ERROR;
				CLANG_WARN_QUOTED_INCLUDE_IN_FRAMEWORK_HEADER = YES;
				CLANG_WARN_RANGE_LOOP_ANALYSIS = YES;
				CLANG_WARN_STRICT_PROTOTYPES = YES;
				CLANG_WARN_SUSPICIOUS_MOVE = YES;
				CLANG_WARN_UNGUARDED_AVAILABILITY = YES_AGGRESSIVE;
				CLANG_WARN_UNREACHABLE_CODE = YES;
				CLANG_WARN__DUPLICATE_METHOD_MATCH = YES;
				COPY_PHASE_STRIP = NO;
				DEBUG_INFORMATION_FORMAT = dwarf;
				ENABLE_STRICT_OBJC_MSGSEND = YES;
				ENABLE_TESTABILITY = YES;
				GCC_C_LANGUAGE_STANDARD = gnu11;
				GCC_DYNAMIC_NO_PIC = NO;
				GCC_NO_COMMON_BLOCKS = YES;
				GCC_OPTIMIZATION_LEVEL = 0;
				GCC_PREPROCESSOR_DEFINITIONS = (
					"DEBUG=1",
					"$(inherited)",
				);
				GCC_WARN_64_TO_32_BIT_CONVERSION = YES;
				GCC_WARN_ABOUT_RETURN_TYPE = YES_ERROR;
				GCC_WARN_UNDECLARED_SELECTOR = YES;
				GCC_WARN_UNINITIALIZED_AUTOS = YES_AGGRESSIVE;
				GCC_WARN_UNUSED_FUNCTION = YES;
				GCC_WARN_UNUSED_VARIABLE = YES;
				IPHONEOS_DEPLOYMENT_TARGET = 11.0;
				MTL_ENABLE_DEBUG_INFO = INCLUDE_SOURCE;
				MTL_FAST_MATH = YES;
				ONLY_ACTIVE_ARCH = YES;
				SDKROOT = iphoneos;
			};
			name = Debug;
		};
		3A8E27462874328800F0F196 /* Release */ = {
			isa = XCBuildConfiguration;
			buildSettings = {
				ALWAYS_SEARCH_USER_PATHS = NO;
				CLANG_ANALYZER_NONNULL = YES;
				CLANG_ANALYZER_NUMBER_OBJECT_CONVERSION = YES_AGGRESSIVE;
				CLANG_CXX_LANGUAGE_STANDARD = "gnu++17";
				CLANG_ENABLE_MODULES = YES;
				CLANG_ENABLE_OBJC_ARC = YES;
				CLANG_ENABLE_OBJC_WEAK = YES;
				CLANG_WARN_BLOCK_CAPTURE_AUTORELEASING = YES;
				CLANG_WARN_BOOL_CONVERSION = YES;
				CLANG_WARN_COMMA = YES;
				CLANG_WARN_CONSTANT_CONVERSION = YES;
				CLANG_WARN_DEPRECATED_OBJC_IMPLEMENTATIONS = YES;
				CLANG_WARN_DIRECT_OBJC_ISA_USAGE = YES_ERROR;
				CLANG_WARN_DOCUMENTATION_COMMENTS = YES;
				CLANG_WARN_EMPTY_BODY = YES;
				CLANG_WARN_ENUM_CONVERSION = YES;
				CLANG_WARN_INFINITE_RECURSION = YES;
				CLANG_WARN_INT_CONVERSION = YES;
				CLANG_WARN_NON_LITERAL_NULL_CONVERSION = YES;
				CLANG_WARN_OBJC_IMPLICIT_RETAIN_SELF = YES;
				CLANG_WARN_OBJC_LITERAL_CONVERSION = YES;
				CLANG_WARN_OBJC_ROOT_CLASS = YES_ERROR;
				CLANG_WARN_QUOTED_INCLUDE_IN_FRAMEWORK_HEADER = YES;
				CLANG_WARN_RANGE_LOOP_ANALYSIS = YES;
				CLANG_WARN_STRICT_PROTOTYPES = YES;
				CLANG_WARN_SUSPICIOUS_MOVE = YES;
				CLANG_WARN_UNGUARDED_AVAILABILITY = YES_AGGRESSIVE;
				CLANG_WARN_UNREACHABLE_CODE = YES;
				CLANG_WARN__DUPLICATE_METHOD_MATCH = YES;
				COPY_PHASE_STRIP = NO;
				DEBUG_INFORMATION_FORMAT = "dwarf-with-dsym";
				ENABLE_NS_ASSERTIONS = NO;
				ENABLE_STRICT_OBJC_MSGSEND = YES;
				GCC_C_LANGUAGE_STANDARD = gnu11;
				GCC_NO_COMMON_BLOCKS = YES;
				GCC_WARN_64_TO_32_BIT_CONVERSION = YES;
				GCC_WARN_ABOUT_RETURN_TYPE = YES_ERROR;
				GCC_WARN_UNDECLARED_SELECTOR = YES;
				GCC_WARN_UNINITIALIZED_AUTOS = YES_AGGRESSIVE;
				GCC_WARN_UNUSED_FUNCTION = YES;
				GCC_WARN_UNUSED_VARIABLE = YES;
				IPHONEOS_DEPLOYMENT_TARGET = 11.0;
				MTL_ENABLE_DEBUG_INFO = NO;
				MTL_FAST_MATH = YES;
				SDKROOT = iphoneos;
				VALIDATE_PRODUCT = YES;
			};
			name = Release;
		};
		3A8E27482874328800F0F196 /* Debug */ = {
			isa = XCBuildConfiguration;
			buildSettings = {
				ASSETCATALOG_COMPILER_APPICON_NAME = AppIcon;
				ASSETCATALOG_COMPILER_GLOBAL_ACCENT_COLOR_NAME = AccentColor;
				CODE_SIGN_STYLE = Automatic;
				CURRENT_PROJECT_VERSION = 1;
				DEVELOPMENT_TEAM = 38D3676P2T;
				GENERATE_INFOPLIST_FILE = YES;
				INFOPLIST_FILE = TargetForHookDemo/Info.plist;
				INFOPLIST_KEY_CFBundleDisplayName = TargetForHook;
				INFOPLIST_KEY_UIApplicationSupportsIndirectInputEvents = YES;
				INFOPLIST_KEY_UILaunchStoryboardName = LaunchScreen;
				INFOPLIST_KEY_UIMainStoryboardFile = Main;
				INFOPLIST_KEY_UISupportedInterfaceOrientations = UIInterfaceOrientationPortrait;
				INFOPLIST_KEY_UISupportedInterfaceOrientations_iPad = "UIInterfaceOrientationPortrait UIInterfaceOrientationPortraitUpsideDown UIInterfaceOrientationLandscapeLeft UIInterfaceOrientationLandscapeRight";
				INFOPLIST_KEY_UISupportedInterfaceOrientations_iPhone = "UIInterfaceOrientationPortrait UIInterfaceOrientationLandscapeLeft UIInterfaceOrientationLandscapeRight";
				LD_RUNPATH_SEARCH_PATHS = (
					"$(inherited)",
					"@executable_path/Frameworks",
				);
				MARKETING_VERSION = 1.0;
				PRODUCT_BUNDLE_IDENTIFIER = cn.jobs8;
				PRODUCT_NAME = "$(TARGET_NAME)";
				SWIFT_EMIT_LOC_STRINGS = YES;
				TARGETED_DEVICE_FAMILY = 1;
			};
			name = Debug;
		};
		3A8E27492874328800F0F196 /* Release */ = {
			isa = XCBuildConfiguration;
			buildSettings = {
				ASSETCATALOG_COMPILER_APPICON_NAME = AppIcon;
				ASSETCATALOG_COMPILER_GLOBAL_ACCENT_COLOR_NAME = AccentColor;
				CODE_SIGN_STYLE = Automatic;
				CURRENT_PROJECT_VERSION = 1;
				DEVELOPMENT_TEAM = 38D3676P2T;
				GENERATE_INFOPLIST_FILE = YES;
				INFOPLIST_FILE = TargetForHookDemo/Info.plist;
				INFOPLIST_KEY_CFBundleDisplayName = TargetForHook;
				INFOPLIST_KEY_UIApplicationSupportsIndirectInputEvents = YES;
				INFOPLIST_KEY_UILaunchStoryboardName = LaunchScreen;
				INFOPLIST_KEY_UIMainStoryboardFile = Main;
				INFOPLIST_KEY_UISupportedInterfaceOrientations = UIInterfaceOrientationPortrait;
				INFOPLIST_KEY_UISupportedInterfaceOrientations_iPad = "UIInterfaceOrientationPortrait UIInterfaceOrientationPortraitUpsideDown UIInterfaceOrientationLandscapeLeft UIInterfaceOrientationLandscapeRight";
				INFOPLIST_KEY_UISupportedInterfaceOrientations_iPhone = "UIInterfaceOrientationPortrait UIInterfaceOrientationLandscapeLeft UIInterfaceOrientationLandscapeRight";
				LD_RUNPATH_SEARCH_PATHS = (
					"$(inherited)",
					"@executable_path/Frameworks",
				);
				MARKETING_VERSION = 1.0;
				PRODUCT_BUNDLE_IDENTIFIER = cn.jobs8;
				PRODUCT_NAME = "$(TARGET_NAME)";
				SWIFT_EMIT_LOC_STRINGS = YES;
				TARGETED_DEVICE_FAMILY = 1;
			};
			name = Release;
		};
/* End XCBuildConfiguration section */

/* Begin XCConfigurationList section */
		3A8E27292874328700F0F196 /* Build configuration list for PBXProject "TargetForHookDemo" */ = {
			isa = XCConfigurationList;
			buildConfigurations = (
				3A8E27452874328800F0F196 /* Debug */,
				3A8E27462874328800F0F196 /* Release */,
			);
			defaultConfigurationIsVisible = 0;
			defaultConfigurationName = Release;
		};
		3A8E27472874328800F0F196 /* Build configuration list for PBXNativeTarget "TargetForHookDemo" */ = {
			isa = XCConfigurationList;
			buildConfigurations = (
				3A8E27482874328800F0F196 /* Debug */,
				3A8E27492874328800F0F196 /* Release */,
			);
			defaultConfigurationIsVisible = 0;
			defaultConfigurationName = Release;
		};
/* End XCConfigurationList section */
	};
	rootObject = 3A8E27262874328700F0F196 /* Project object */;
}
